Microsoft Visual Studio Solution File, Format Version 12.00
# Visual Studio Version 17
VisualStudioVersion = 17.5.2.0
MinimumVisualStudioVersion = 10.0.40219.1
Project("{FAE04EC0-301F-11D3-BF4B-00C04F79EFBC}") = "ReactDotNet.Server", "ReactDotNet.Server\ReactDotNet.Server.csproj", "{44FD4EAF-FCB2-659D-33BB-9103E86AA544}"
EndProject
Global
	GlobalSection(SolutionConfigurationPlatforms) = preSolution
		Debug|Any CPU = Debug|Any CPU
		Release|Any CPU = Release|Any CPU
	EndGlobalSection
	GlobalSection(ProjectConfigurationPlatforms) = postSolution
		{44FD4EAF-FCB2-659D-33BB-9103E86AA544}.Debug|Any CPU.ActiveCfg = Debug|Any CPU
		{44FD4EAF-FCB2-659D-33BB-9103E86AA544}.Debug|Any CPU.Build.0 = Debug|Any CPU
		{44FD4EAF-FCB2-659D-33BB-9103E86AA544}.Release|Any CPU.ActiveCfg = Release|Any CPU
		{44FD4EAF-FCB2-659D-33BB-9103E86AA544}.Release|Any CPU.Build.0 = Release|Any CPU
	EndGlobalSection
	GlobalSection(SolutionProperties) = preSolution
		HideSolutionNode = FALSE
	EndGlobalSection
	GlobalSection(ExtensibilityGlobals) = postSolution
		SolutionGuid = {2C8DBF2D-96AA-4CEF-88B0-D08230560ADF}
	EndGlobalSection
EndGlobal
